
Microsoft Visual Studio Solution File, Format Version 12.00
# Visual Studio 14
VisualStudioVersion = 14.0.25420.1
MinimumVisualStudioVersion = 10.0.40219.1
Project("{2150E333-8FDC-42A3-9474-1A3956D46DE8}") = "src", "src", "{162C2785-D67D-4114-9B83-C71E8E5A4913}"
EndProject
Project("{2150E333-8FDC-42A3-9474-1A3956D46DE8}") = "Solution Items", "Solution Items", "{268257FB-791D-4BC3-97FD-ED76A8A1F2AC}"
	ProjectSection(SolutionItems) = preProject
		global.json = global.json
	EndProjectSection
EndProject
Project("{8BB2217D-0F2D-49D1-97BC-3654ED321F3B}") = "AngularAspCoreTutorial", "src\AngularAspCoreTutorial\AngularAspCoreTutorial.xproj", "{2DD88069-6D12-4F10-9D39-011DCA44D4DD}"
EndProject
Global
	GlobalSection(SolutionConfigurationPlatforms) = preSolution
		Debug|Any CPU = Debug|Any CPU
		Release|Any CPU = Release|Any CPU
	EndGlobalSection
	GlobalSection(ProjectConfigurationPlatforms) = postSolution
		{2DD88069-6D12-4F10-9D39-011DCA44D4DD}.Debug|Any CPU.ActiveCfg = Debug|Any CPU
		{2DD88069-6D12-4F10-9D39-011DCA44D4DD}.Debug|Any CPU.Build.0 = Debug|Any CPU
		{2DD88069-6D12-4F10-9D39-011DCA44D4DD}.Release|Any CPU.ActiveCfg = Release|Any CPU
		{2DD88069-6D12-4F10-9D39-011DCA44D4DD}.Release|Any CPU.Build.0 = Release|Any CPU
	EndGlobalSection
	GlobalSection(SolutionProperties) = preSolution
		HideSolutionNode = FALSE
	EndGlobalSection
	GlobalSection(NestedProjects) = preSolution
		{2DD88069-6D12-4F10-9D39-011DCA44D4DD} = {162C2785-D67D-4114-9B83-C71E8E5A4913}
	EndGlobalSection
EndGlobal
